<?xml version="1.0" encoding="utf-8"?>
<Project ToolsVersion="4.0" xmlns="http://schemas.microsoft.com/developer/msbuild/2003">
  <ItemGroup>
    <Filter Include="Game">
      <UniqueIdentifier>{d2fd5021-85cc-4902-ba44-7f0def4d6a7c}</UniqueIdentifier>
      <Extensions>cpp;c;cxx;rc;def;r;odl;idl;hpj;bat</Extensions>
    </Filter>
    <Filter Include="Game\weapons &amp; projectiles">
      <UniqueIdentifier>{3300a26d-62d8-4fcf-a234-59e10adb745f}</UniqueIdentifier>
    </Filter>
    <Filter Include="Game\weapons &amp; projectiles\weapons">
      <UniqueIdentifier>{6fdc2e99-52b9-4d33-ad68-feec5a63e816}</UniqueIdentifier>
    </Filter>
    <Filter Include="Game\weapons &amp; projectiles\projectiles">
      <UniqueIdentifier>{5f58dfb7-2def-48b6-88af-499154c09ba4}</UniqueIdentifier>
    </Filter>
    <Filter Include="Game\Base entity classes">
      <UniqueIdentifier>{8709bb46-8e00-4097-8ac5-0389e9ec6e75}</UniqueIdentifier>
    </Filter>
    <Filter Include="Game\Script related">
      <UniqueIdentifier>{83bccf1f-fc0b-4609-847e-ed942ec465d1}</UniqueIdentifier>
    </Filter>
    <Filter Include="Game\Script related\general">
      <UniqueIdentifier>{f71d4c7f-f3f1-4b9b-8c6b-71510ebd4027}</UniqueIdentifier>
    </Filter>
    <Filter Include="Game\Script related\lua headers">
      <UniqueIdentifier>{693b1959-729a-4415-91b4-e5b448e5dd49}</UniqueIdentifier>
    </Filter>
    <Filter Include="Game\misc">
      <UniqueIdentifier>{ad95298e-8df7-4727-a36a-3dcf23f29038}</UniqueIdentifier>
    </Filter>
    <Filter Include="Resource Files">
      <UniqueIdentifier>{b3fbb9d2-a9f3-48ee-a892-13f550e4fb95}</UniqueIdentifier>
    </Filter>
    <Filter Include="Resource Files\maps">
      <UniqueIdentifier>{91d4ab22-ba86-4374-996d-e72cbc4299f7}</UniqueIdentifier>
    </Filter>
    <Filter Include="AI">
      <UniqueIdentifier>{81671492-a119-4791-a6ca-cdfdc52711ee}</UniqueIdentifier>
    </Filter>
    <Filter Include="AI\goals">
      <UniqueIdentifier>{4e536ffa-ac6c-4a2b-ad77-ef2257827214}</UniqueIdentifier>
    </Filter>
    <Filter Include="AI\goals\composite">
      <UniqueIdentifier>{dd980044-c309-4f71-9f00-de4beaf9ff5c}</UniqueIdentifier>
    </Filter>
    <Filter Include="AI\goals\goal evaluation">
      <UniqueIdentifier>{beaec7fa-e00d-4a66-b93c-0231943048b5}</UniqueIdentifier>
    </Filter>
    <Filter Include="AI\goals\atomic">
      <UniqueIdentifier>{4a90dc3f-9202-496b-b7a8-faa927005696}</UniqueIdentifier>
    </Filter>
    <Filter Include="AI\fuzzy logic">
      <UniqueIdentifier>{a4647a13-064e-44ac-87ad-b68a9dff9807}</UniqueIdentifier>
    </Filter>
    <Filter Include="AI\fuzzy logic\fuzzy set types">
      <UniqueIdentifier>{a9ed7f6d-60dd-404d-b7c8-feb9e8af6989}</UniqueIdentifier>
    </Filter>
    <Filter Include="AI\Movement &amp; Navigation">
      <UniqueIdentifier>{896148a5-a35c-4f62-993f-e2367fcb416d}</UniqueIdentifier>
    </Filter>
    <Filter Include="AI\Messaging">
      <UniqueIdentifier>{71021ed2-192c-4027-88ed-daaadc5a49ff}</UniqueIdentifier>
    </Filter>
    <Filter Include="AI\Sensory Memory">
      <UniqueIdentifier>{ad630110-ea25-4f1c-918a-38db4268e2e8}</UniqueIdentifier>
    </Filter>
    <Filter Include="AI\Triggers">
      <UniqueIdentifier>{83f717b4-5c48-468c-b679-3c38c9223f94}</UniqueIdentifier>
    </Filter>
    <Filter Include="AI\Weapon Handling">
      <UniqueIdentifier>{7a2e30af-8622-4a0e-a37e-364bec3946f4}</UniqueIdentifier>
    </Filter>
    <Filter Include="AI\Target Selection">
      <UniqueIdentifier>{42b0468e-559a-4409-ae56-37e09e194676}</UniqueIdentifier>
    </Filter>
    <Filter Include="Common">
      <UniqueIdentifier>{49b4ece4-bf18-4242-8fae-39543b9a9823}</UniqueIdentifier>
    </Filter>
  </ItemGroup>
  <ItemGroup>
    <ClCompile Include="armory\Raven_Weapon.cpp">
      <Filter>Game\weapons &amp; projectiles\weapons</Filter>
    </ClCompile>
    <ClCompile Include="armory\Weapon_Blaster.cpp">
      <Filter>Game\weapons &amp; projectiles\weapons</Filter>
    </ClCompile>
    <ClCompile Include="armory\Weapon_RailGun.cpp">
      <Filter>Game\weapons &amp; projectiles\weapons</Filter>
    </ClCompile>
    <ClCompile Include="armory\Weapon_RocketLauncher.cpp">
      <Filter>Game\weapons &amp; projectiles\weapons</Filter>
    </ClCompile>
    <ClCompile Include="armory\Weapon_ShotGun.cpp">
      <Filter>Game\weapons &amp; projectiles\weapons</Filter>
    </ClCompile>
    <ClCompile Include="armory\Projectile_Bolt.cpp">
      <Filter>Game\weapons &amp; projectiles\projectiles</Filter>
    </ClCompile>
    <ClCompile Include="armory\Projectile_Pellet.cpp">
      <Filter>Game\weapons &amp; projectiles\projectiles</Filter>
    </ClCompile>
    <ClCompile Include="armory\Projectile_Rocket.cpp">
      <Filter>Game\weapons &amp; projectiles\projectiles</Filter>
    </ClCompile>
    <ClCompile Include="armory\Projectile_Slug.cpp">
      <Filter>Game\weapons &amp; projectiles\projectiles</Filter>
    </ClCompile>
    <ClCompile Include="armory\Raven_Projectile.cpp">
      <Filter>Game\weapons &amp; projectiles\projectiles</Filter>
    </ClCompile>
    <ClCompile Include="..\Common\Game\BaseGameEntity.cpp">
      <Filter>Game\Base entity classes</Filter>
    </ClCompile>
    <ClCompile Include="lua\Raven_Scriptor.cpp">
      <Filter>Game\Script related\general</Filter>
    </ClCompile>
    <ClCompile Include="..\Common\Game\EntityManager.cpp">
      <Filter>Game\misc</Filter>
    </ClCompile>
    <ClCompile Include="GraveMarkers.cpp">
      <Filter>Game\misc</Filter>
    </ClCompile>
    <ClCompile Include="Raven_Door.cpp">
      <Filter>Game\misc</Filter>
    </ClCompile>
    <ClCompile Include="Raven_UserOptions.cpp">
      <Filter>Game\misc</Filter>
    </ClCompile>
    <ClCompile Include="main.cpp">
      <Filter>Game</Filter>
    </ClCompile>
    <ClCompile Include="Raven_Bot.cpp">
      <Filter>Game</Filter>
    </ClCompile>
    <ClCompile Include="Raven_Game.cpp">
      <Filter>Game</Filter>
    </ClCompile>
    <ClCompile Include="Raven_Map.cpp">
      <Filter>Game</Filter>
    </ClCompile>
    <ClCompile Include="goals\Goal_AdjustRange.cpp">
      <Filter>AI\goals\composite</Filter>
    </ClCompile>
    <ClCompile Include="goals\Goal_AttackTarget.cpp">
      <Filter>AI\goals\composite</Filter>
    </ClCompile>
    <ClCompile Include="goals\Goal_Explore.cpp">
      <Filter>AI\goals\composite</Filter>
    </ClCompile>
    <ClCompile Include="goals\Goal_FollowPath.cpp">
      <Filter>AI\goals\composite</Filter>
    </ClCompile>
    <ClCompile Include="goals\Goal_GetItem.cpp">
      <Filter>AI\goals\composite</Filter>
    </ClCompile>
    <ClCompile Include="goals\Goal_HuntTarget.cpp">
      <Filter>AI\goals\composite</Filter>
    </ClCompile>
    <ClCompile Include="goals\Goal_MoveToPosition.cpp">
      <Filter>AI\goals\composite</Filter>
    </ClCompile>
    <ClCompile Include="goals\Goal_NegotiateDoor.cpp">
      <Filter>AI\goals\composite</Filter>
    </ClCompile>
    <ClCompile Include="goals\Goal_Think.cpp">
      <Filter>AI\goals\composite</Filter>
    </ClCompile>
    <ClCompile Include="goals\AttackTargetGoal_Evaluator.cpp">
      <Filter>AI\goals\goal evaluation</Filter>
    </ClCompile>
    <ClCompile Include="goals\ExploreGoal_Evaluator.cpp">
      <Filter>AI\goals\goal evaluation</Filter>
    </ClCompile>
    <ClCompile Include="goals\GetHealthGoal_Evaluator.cpp">
      <Filter>AI\goals\goal evaluation</Filter>
    </ClCompile>
    <ClCompile Include="goals\GetWeaponGoal_Evaluator.cpp">
      <Filter>AI\goals\goal evaluation</Filter>
    </ClCompile>
    <ClCompile Include="goals\Raven_Feature.cpp">
      <Filter>AI\goals\goal evaluation</Filter>
    </ClCompile>
    <ClCompile Include="goals\Goal_DodgeSideToSide.cpp">
      <Filter>AI\goals\atomic</Filter>
    </ClCompile>
    <ClCompile Include="goals\Goal_SayPhrase.cpp">
      <Filter>AI\goals\atomic</Filter>
    </ClCompile>
    <ClCompile Include="goals\Goal_SeekToPosition.cpp">
      <Filter>AI\goals\atomic</Filter>
    </ClCompile>
    <ClCompile Include="goals\Goal_TraverseEdge.cpp">
      <Filter>AI\goals\atomic</Filter>
    </ClCompile>
    <ClCompile Include="goals\Goal_Wander.cpp">
      <Filter>AI\goals\atomic</Filter>
    </ClCompile>
    <ClCompile Include="goals\Raven_Goal_Types.cpp">
      <Filter>AI\goals</Filter>
    </ClCompile>
    <ClCompile Include="..\Common\fuzzy\FuzzySet_LeftShoulder.cpp">
      <Filter>AI\fuzzy logic\fuzzy set types</Filter>
    </ClCompile>
    <ClCompile Include="..\Common\fuzzy\FuzzySet_RightShoulder.cpp">
      <Filter>AI\fuzzy logic\fuzzy set types</Filter>
    </ClCompile>
    <ClCompile Include="..\Common\fuzzy\FuzzySet_Singleton.cpp">
      <Filter>AI\fuzzy logic\fuzzy set types</Filter>
    </ClCompile>
    <ClCompile Include="..\Common\fuzzy\FuzzySet_Triangle.cpp">
      <Filter>AI\fuzzy logic\fuzzy set types</Filter>
    </ClCompile>
    <ClCompile Include="..\Common\fuzzy\FuzzyModule.cpp">
      <Filter>AI\fuzzy logic</Filter>
    </ClCompile>
    <ClCompile Include="..\Common\fuzzy\FuzzyOperators.cpp">
      <Filter>AI\fuzzy logic</Filter>
    </ClCompile>
    <ClCompile Include="..\Common\fuzzy\FuzzyVariable.cpp">
      <Filter>AI\fuzzy logic</Filter>
    </ClCompile>
    <ClCompile Include="navigation\Raven_PathPlanner.cpp">
      <Filter>AI\Movement &amp; Navigation</Filter>
    </ClCompile>
    <ClCompile Include="Raven_SteeringBehaviors.cpp">
      <Filter>AI\Movement &amp; Navigation</Filter>
    </ClCompile>
    <ClCompile Include="..\Common\Messaging\MessageDispatcher.cpp">
      <Filter>AI\Messaging</Filter>
    </ClCompile>
    <ClCompile Include="Raven_SensoryMemory.cpp">
      <Filter>AI\Sensory Memory</Filter>
    </ClCompile>
    <ClCompile Include="triggers\Trigger_HealthGiver.cpp">
      <Filter>AI\Triggers</Filter>
    </ClCompile>
    <ClCompile Include="triggers\Trigger_SoundNotify.cpp">
      <Filter>AI\Triggers</Filter>
    </ClCompile>
    <ClCompile Include="triggers\Trigger_WeaponGiver.cpp">
      <Filter>AI\Triggers</Filter>
    </ClCompile>
    <ClCompile Include="Raven_WeaponSystem.cpp">
      <Filter>AI\Weapon Handling</Filter>
    </ClCompile>
    <ClCompile Include="Raven_TargetingSystem.cpp">
      <Filter>AI\Target Selection</Filter>
    </ClCompile>
    <ClCompile Include="..\Common\misc\Cgdi.cpp">
      <Filter>Common</Filter>
    </ClCompile>
    <ClCompile Include="..\Common\Time\CrudeTimer.cpp">
      <Filter>Common</Filter>
    </ClCompile>
    <ClCompile Include="..\Common\Debug\DebugConsole.cpp">
      <Filter>Common</Filter>
    </ClCompile>
    <ClCompile Include="..\Common\misc\FrameCounter.cpp">
      <Filter>Common</Filter>
    </ClCompile>
    <ClCompile Include="..\Common\Time\PrecisionTimer.cpp">
      <Filter>Common</Filter>
    </ClCompile>
    <ClCompile Include="..\Common\2D\Vector2d.cpp">
      <Filter>Common</Filter>
    </ClCompile>
    <ClCompile Include="..\Common\misc\WindowUtils.cpp">
      <Filter>Common</Filter>
    </ClCompile>
    <ClCompile Include="armory\Weapon_Grenade.cpp">
      <Filter>Game\weapons &amp; projectiles\weapons</Filter>
    </ClCompile>
    <ClCompile Include="armory\Projectile_Nade.cpp">
      <Filter>Game\weapons &amp; projectiles\projectiles</Filter>
    </ClCompile>
    <ClCompile Include="armory\Weapon_Knife.cpp">
      <Filter>Game\weapons &amp; projectiles\weapons</Filter>
    </ClCompile>
    <ClCompile Include="armory\Projectile_Knife.cpp">
      <Filter>Game\weapons &amp; projectiles\projectiles</Filter>
    </ClCompile>
    <ClCompile Include="triggers\Trigger_WeaponMate.cpp">
      <Filter>AI\Triggers</Filter>
    </ClCompile>
  </ItemGroup>
  <ItemGroup>
    <ClInclude Include="armory\Raven_Weapon.h">
      <Filter>Game\weapons &amp; projectiles\weapons</Filter>
    </ClInclude>
    <ClInclude Include="armory\Weapon_Blaster.h">
      <Filter>Game\weapons &amp; projectiles\weapons</Filter>
    </ClInclude>
    <ClInclude Include="armory\Weapon_RailGun.h">
      <Filter>Game\weapons &amp; projectiles\weapons</Filter>
    </ClInclude>
    <ClInclude Include="armory\Weapon_RocketLauncher.h">
      <Filter>Game\weapons &amp; projectiles\weapons</Filter>
    </ClInclude>
    <ClInclude Include="armory\Weapon_ShotGun.h">
      <Filter>Game\weapons &amp; projectiles\weapons</Filter>
    </ClInclude>
    <ClInclude Include="armory\Projectile_Bolt.h">
      <Filter>Game\weapons &amp; projectiles\projectiles</Filter>
    </ClInclude>
    <ClInclude Include="armory\Projectile_Pellet.h">
      <Filter>Game\weapons &amp; projectiles\projectiles</Filter>
    </ClInclude>
    <ClInclude Include="armory\Projectile_Rocket.h">
      <Filter>Game\weapons &amp; projectiles\projectiles</Filter>
    </ClInclude>
    <ClInclude Include="armory\Projectile_Slug.h">
      <Filter>Game\weapons &amp; projectiles\projectiles</Filter>
    </ClInclude>
    <ClInclude Include="armory\Raven_Projectile.h">
      <Filter>Game\weapons &amp; projectiles\projectiles</Filter>
    </ClInclude>
    <ClInclude Include="..\Common\Game\BaseGameEntity.h">
      <Filter>Game\Base entity classes</Filter>
    </ClInclude>
    <ClInclude Include="..\Common\Game\EntityFunctionTemplates.h">
      <Filter>Game\Base entity classes</Filter>
    </ClInclude>
    <ClInclude Include="..\Common\Game\MovingEntity.h">
      <Filter>Game\Base entity classes</Filter>
    </ClInclude>
    <ClInclude Include="lua\Raven_Scriptor.h">
      <Filter>Game\Script related\general</Filter>
    </ClInclude>
    <ClInclude Include="..\Common\script\Scriptor.h">
      <Filter>Game\Script related\general</Filter>
    </ClInclude>
    <ClInclude Include="..\Common\lua-5.0\include\lauxlib.h">
      <Filter>Game\Script related\lua headers</Filter>
    </ClInclude>
    <ClInclude Include="..\Common\lua-5.0\include\lua.h">
      <Filter>Game\Script related\lua headers</Filter>
    </ClInclude>
    <ClInclude Include="..\Common\lua-5.0\include\LuaHelperFunctions.h">
      <Filter>Game\Script related\lua headers</Filter>
    </ClInclude>
    <ClInclude Include="..\Common\lua-5.0\include\lualib.h">
      <Filter>Game\Script related\lua headers</Filter>
    </ClInclude>
    <ClInclude Include="constants.h">
      <Filter>Game\misc</Filter>
    </ClInclude>
    <ClInclude Include="..\Common\Game\EntityManager.h">
      <Filter>Game\misc</Filter>
    </ClInclude>
    <ClInclude Include="GraveMarkers.h">
      <Filter>Game\misc</Filter>
    </ClInclude>
    <ClInclude Include="Raven_Door.h">
      <Filter>Game\misc</Filter>
    </ClInclude>
    <ClInclude Include="Raven_ObjectEnumerations.h">
      <Filter>Game\misc</Filter>
    </ClInclude>
    <ClInclude Include="Raven_UserOptions.h">
      <Filter>Game\misc</Filter>
    </ClInclude>
    <ClInclude Include="Raven_Bot.h">
      <Filter>Game</Filter>
    </ClInclude>
    <ClInclude Include="Raven_Game.h">
      <Filter>Game</Filter>
    </ClInclude>
    <ClInclude Include="Raven_Map.h">
      <Filter>Game</Filter>
    </ClInclude>
    <ClInclude Include="resource.h">
      <Filter>Resource Files</Filter>
    </ClInclude>
    <ClInclude Include="goals\Goal_AdjustRange.h">
      <Filter>AI\goals\composite</Filter>
    </ClInclude>
    <ClInclude Include="goals\Goal_AttackTarget.h">
      <Filter>AI\goals\composite</Filter>
    </ClInclude>
    <ClInclude Include="..\Common\Goals\Goal_Composite.h">
      <Filter>AI\goals\composite</Filter>
    </ClInclude>
    <ClInclude Include="goals\Goal_Explore.h">
      <Filter>AI\goals\composite</Filter>
    </ClInclude>
    <ClInclude Include="goals\Goal_FollowPath.h">
      <Filter>AI\goals\composite</Filter>
    </ClInclude>
    <ClInclude Include="goals\Goal_GetItem.h">
      <Filter>AI\goals\composite</Filter>
    </ClInclude>
    <ClInclude Include="goals\Goal_HuntTarget.h">
      <Filter>AI\goals\composite</Filter>
    </ClInclude>
    <ClInclude Include="goals\Goal_MoveToPosition.h">
      <Filter>AI\goals\composite</Filter>
    </ClInclude>
    <ClInclude Include="goals\Goal_NegotiateDoor.h">
      <Filter>AI\goals\composite</Filter>
    </ClInclude>
    <ClInclude Include="goals\Goal_Think.h">
      <Filter>AI\goals\composite</Filter>
    </ClInclude>
    <ClInclude Include="goals\AttackTargetGoal_Evaluator.h">
      <Filter>AI\goals\goal evaluation</Filter>
    </ClInclude>
    <ClInclude Include="goals\ExploreGoal_Evaluator.h">
      <Filter>AI\goals\goal evaluation</Filter>
    </ClInclude>
    <ClInclude Include="goals\GetHealthGoal_Evaluator.h">
      <Filter>AI\goals\goal evaluation</Filter>
    </ClInclude>
    <ClInclude Include="goals\GetWeaponGoal_Evaluator.h">
      <Filter>AI\goals\goal evaluation</Filter>
    </ClInclude>
    <ClInclude Include="goals\Goal_Evaluator.h">
      <Filter>AI\goals\goal evaluation</Filter>
    </ClInclude>
    <ClInclude Include="goals\Raven_Feature.h">
      <Filter>AI\goals\goal evaluation</Filter>
    </ClInclude>
    <ClInclude Include="..\Common\Goals\Goal.h">
      <Filter>AI\goals\atomic</Filter>
    </ClInclude>
    <ClInclude Include="goals\Goal_DodgeSideToSide.h">
      <Filter>AI\goals\atomic</Filter>
    </ClInclude>
    <ClInclude Include="goals\Goal_SayPhrase.h">
      <Filter>AI\goals\atomic</Filter>
    </ClInclude>
    <ClInclude Include="goals\Goal_SeekToPosition.h">
      <Filter>AI\goals\atomic</Filter>
    </ClInclude>
    <ClInclude Include="goals\Goal_TraverseEdge.h">
      <Filter>AI\goals\atomic</Filter>
    </ClInclude>
    <ClInclude Include="goals\Goal_Wander.h">
      <Filter>AI\goals\atomic</Filter>
    </ClInclude>
    <ClInclude Include="goals\Raven_Goal_Types.h">
      <Filter>AI\goals</Filter>
    </ClInclude>
    <ClInclude Include="..\Common\fuzzy\FuzzySet.h">
      <Filter>AI\fuzzy logic\fuzzy set types</Filter>
    </ClInclude>
    <ClInclude Include="..\Common\fuzzy\FuzzySet_LeftShoulder.h">
      <Filter>AI\fuzzy logic\fuzzy set types</Filter>
    </ClInclude>
    <ClInclude Include="..\Common\fuzzy\FuzzySet_RightShoulder.h">
      <Filter>AI\fuzzy logic\fuzzy set types</Filter>
    </ClInclude>
    <ClInclude Include="..\Common\fuzzy\FuzzySet_Shoulder.h">
      <Filter>AI\fuzzy logic\fuzzy set types</Filter>
    </ClInclude>
    <ClInclude Include="..\Common\fuzzy\FuzzySet_Singleton.h">
      <Filter>AI\fuzzy logic\fuzzy set types</Filter>
    </ClInclude>
    <ClInclude Include="..\Common\fuzzy\FuzzySet_Triangle.h">
      <Filter>AI\fuzzy logic\fuzzy set types</Filter>
    </ClInclude>
    <ClInclude Include="..\Common\fuzzy\FuzzyHedges.h">
      <Filter>AI\fuzzy logic</Filter>
    </ClInclude>
    <ClInclude Include="..\Common\fuzzy\FuzzyModule.h">
      <Filter>AI\fuzzy logic</Filter>
    </ClInclude>
    <ClInclude Include="..\Common\fuzzy\FuzzyOperators.h">
      <Filter>AI\fuzzy logic</Filter>
    </ClInclude>
    <ClInclude Include="..\Common\fuzzy\FuzzyRule.h">
      <Filter>AI\fuzzy logic</Filter>
    </ClInclude>
    <ClInclude Include="..\Common\fuzzy\FuzzyTerm.h">
      <Filter>AI\fuzzy logic</Filter>
    </ClInclude>
    <ClInclude Include="..\Common\fuzzy\FuzzyVariable.h">
      <Filter>AI\fuzzy logic</Filter>
    </ClInclude>
    <ClInclude Include="..\Common\fuzzy\FzSet.h">
      <Filter>AI\fuzzy logic</Filter>
    </ClInclude>
    <ClInclude Include="..\Common\Graph\AStarHeuristicPolicies.h">
      <Filter>AI\Movement &amp; Navigation</Filter>
    </ClInclude>
    <ClInclude Include="..\Common\misc\CellSpacePartition.h">
      <Filter>AI\Movement &amp; Navigation</Filter>
    </ClInclude>
    <ClInclude Include="..\Common\Graph\GraphAlgorithms.h">
      <Filter>AI\Movement &amp; Navigation</Filter>
    </ClInclude>
    <ClInclude Include="..\Common\Graph\GraphEdgeTypes.h">
      <Filter>AI\Movement &amp; Navigation</Filter>
    </ClInclude>
    <ClInclude Include="..\Common\Graph\GraphNodeTypes.h">
      <Filter>AI\Movement &amp; Navigation</Filter>
    </ClInclude>
    <ClInclude Include="..\Common\Graph\HandyGraphFunctions.h">
      <Filter>AI\Movement &amp; Navigation</Filter>
    </ClInclude>
    <ClInclude Include="..\Common\Graph\NodeTypeEnumerations.h">
      <Filter>AI\Movement &amp; Navigation</Filter>
    </ClInclude>
    <ClInclude Include="navigation\PathEdge.h">
      <Filter>AI\Movement &amp; Navigation</Filter>
    </ClInclude>
    <ClInclude Include="navigation\PathManager.h">
      <Filter>AI\Movement &amp; Navigation</Filter>
    </ClInclude>
    <ClInclude Include="navigation\Raven_PathPlanner.h">
      <Filter>AI\Movement &amp; Navigation</Filter>
    </ClInclude>
    <ClInclude Include="Raven_SteeringBehaviors.h">
      <Filter>AI\Movement &amp; Navigation</Filter>
    </ClInclude>
    <ClInclude Include="navigation\SearchTerminationPolicies.h">
      <Filter>AI\Movement &amp; Navigation</Filter>
    </ClInclude>
    <ClInclude Include="..\Common\Graph\SparseGraph.h">
      <Filter>AI\Movement &amp; Navigation</Filter>
    </ClInclude>
    <ClInclude Include="navigation\TimeSlicedGraphAlgorithms.h">
      <Filter>AI\Movement &amp; Navigation</Filter>
    </ClInclude>
    <ClInclude Include="..\Common\Messaging\MessageDispatcher.h">
      <Filter>AI\Messaging</Filter>
    </ClInclude>
    <ClInclude Include="Raven_Messages.h">
      <Filter>AI\Messaging</Filter>
    </ClInclude>
    <ClInclude Include="..\Common\Messaging\Telegram.h">
      <Filter>AI\Messaging</Filter>
    </ClInclude>
    <ClInclude Include="Raven_SensoryMemory.h">
      <Filter>AI\Sensory Memory</Filter>
    </ClInclude>
    <ClInclude Include="..\Common\Triggers\Trigger.h">
      <Filter>AI\Triggers</Filter>
    </ClInclude>
    <ClInclude Include="triggers\Trigger_HealthGiver.h">
      <Filter>AI\Triggers</Filter>
    </ClInclude>
    <ClInclude Include="..\Common\Triggers\Trigger_LimitedLifeTime.h">
      <Filter>AI\Triggers</Filter>
    </ClInclude>
    <ClInclude Include="triggers\Trigger_OnButtonSendMsg.h">
      <Filter>AI\Triggers</Filter>
    </ClInclude>
    <ClInclude Include="..\Common\Triggers\Trigger_ReSpawning.h">
      <Filter>AI\Triggers</Filter>
    </ClInclude>
    <ClInclude Include="triggers\Trigger_SoundNotify.h">
      <Filter>AI\Triggers</Filter>
    </ClInclude>
    <ClInclude Include="triggers\Trigger_WeaponGiver.h">
      <Filter>AI\Triggers</Filter>
    </ClInclude>
    <ClInclude Include="..\Common\Triggers\TriggerRegion.h">
      <Filter>AI\Triggers</Filter>
    </ClInclude>
    <ClInclude Include="..\Common\Triggers\TriggerSystem.h">
      <Filter>AI\Triggers</Filter>
    </ClInclude>
    <ClInclude Include="Raven_WeaponSystem.h">
      <Filter>AI\Weapon Handling</Filter>
    </ClInclude>
    <ClInclude Include="Raven_TargetingSystem.h">
      <Filter>AI\Target Selection</Filter>
    </ClInclude>
    <ClInclude Include="..\Common\2D\C2DMatrix.h">
      <Filter>Common</Filter>
    </ClInclude>
    <ClInclude Include="..\Common\misc\Cgdi.h">
      <Filter>Common</Filter>
    </ClInclude>
    <ClInclude Include="..\Common\Time\CrudeTimer.h">
      <Filter>Common</Filter>
    </ClInclude>
    <ClInclude Include="..\Common\Debug\DebugConsole.h">
      <Filter>Common</Filter>
    </ClInclude>
    <ClInclude Include="..\Common\misc\FrameCounter.h">
      <Filter>Common</Filter>
    </ClInclude>
    <ClInclude Include="..\Common\2D\geometry.h">
      <Filter>Common</Filter>
    </ClInclude>
    <ClInclude Include="..\Common\2D\InvertedAABBox2D.h">
      <Filter>Common</Filter>
    </ClInclude>
    <ClInclude Include="..\Common\Time\PrecisionTimer.h">
      <Filter>Common</Filter>
    </ClInclude>
    <ClInclude Include="..\Common\misc\PriorityQueue.h">
      <Filter>Common</Filter>
    </ClInclude>
    <ClInclude Include="..\Common\PriorityQueue.h">
      <Filter>Common</Filter>
    </ClInclude>
    <ClInclude Include="..\Common\Time\Regulator.h">
      <Filter>Common</Filter>
    </ClInclude>
    <ClInclude Include="..\Common\misc\Stream_Utility_Functions.h">
      <Filter>Common</Filter>
    </ClInclude>
    <ClInclude Include="..\Common\2D\Transformations.h">
      <Filter>Common</Filter>
    </ClInclude>
    <ClInclude Include="..\Common\misc\utils.h">
      <Filter>Common</Filter>
    </ClInclude>
    <ClInclude Include="..\Common\2D\Vector2D.h">
      <Filter>Common</Filter>
    </ClInclude>
    <ClInclude Include="..\Common\2D\Wall2D.h">
      <Filter>Common</Filter>
    </ClInclude>
    <ClInclude Include="..\Common\2D\WallIntersectionTests.h">
      <Filter>Common</Filter>
    </ClInclude>
    <ClInclude Include="..\Common\misc\WindowUtils.h">
      <Filter>Common</Filter>
    </ClInclude>
    <ClInclude Include="armory\Weapon_Grenade.h">
      <Filter>Game\weapons &amp; projectiles\weapons</Filter>
    </ClInclude>
    <ClInclude Include="armory\Projectile_Nade.h">
      <Filter>Game\weapons &amp; projectiles\projectiles</Filter>
    </ClInclude>
    <ClInclude Include="armory\Weapon_Knife.h">
      <Filter>Game\weapons &amp; projectiles\weapons</Filter>
    </ClInclude>
    <ClInclude Include="armory\Projectile_Knife.h">
      <Filter>Game\weapons &amp; projectiles\projectiles</Filter>
    </ClInclude>
    <ClInclude Include="triggers\Trigger_WeaponMate.h">
      <Filter>AI\Triggers</Filter>
    </ClInclude>
  </ItemGroup>
  <ItemGroup>
    <Text Include="note.txt">
      <Filter>Resource Files</Filter>
    </Text>
  </ItemGroup>
  <ItemGroup>
    <ResourceCompile Include="Script1.rc">
      <Filter>Resource Files</Filter>
    </ResourceCompile>
  </ItemGroup>
  <ItemGroup>
    <CustomBuild Include="Params.lua">
      <Filter>Game\Script related</Filter>
    </CustomBuild>
    <CustomBuild Include="maps\Raven_DM1.map">
      <Filter>Resource Files\maps</Filter>
    </CustomBuild>
    <CustomBuild Include="maps\Raven_DM1_Doors.map">
      <Filter>Resource Files\maps</Filter>
    </CustomBuild>
  </ItemGroup>
</Project>